{
    "_readme": [
        "This file locks the dependencies of your project to a known state",
        "Read more about it at https://getcomposer.org/doc/01-basic-usage.md#installing-dependencies",
        "This file is @generated automatically"
    ],
    "content-hash": "e02a877b948293b518c42c2ae64412ed",
    "packages": [
        {
            "name": "bacon/bacon-qr-code",
            "version": "2.0.2",
            "source": {
                "type": "git",
                "url": "https://github.com/Bacon/BaconQrCode.git",
                "reference": "add6d9ff97336b62f95a3b94f75cea4e085465b2"
            },
            "dist": {
                "type": "zip",
                "url": "https://api.github.com/repos/Bacon/BaconQrCode/zipball/add6d9ff97336b62f95a3b94f75cea4e085465b2",
                "reference": "add6d9ff97336b62f95a3b94f75cea4e085465b2",
                "shasum": ""
            },
            "require": {
                "dasprid/enum": "^1.0",
                "ext-iconv": "*",
                "php": "^7.1"
            },
            "require-dev": {
                "phly/keep-a-changelog": "^1.4",
                "phpunit/phpunit": "^7 | ^8 | ^9",
                "squizlabs/php_codesniffer": "^3.4"
            },
            "suggest": {
                "ext-imagick": "to generate QR code images"
            },
            "type": "library",
            "autoload": {
                "psr-4": {
                    "BaconQrCode\\": "src/"
                }
            },
            "notification-url": "https://packagist.org/downloads/",
            "license": [
                "BSD-2-Clause"
            ],
            "authors": [
                {
                    "name": "Ben Scholzen 'DASPRiD'",
                    "email": "mail@dasprids.de",
                    "homepage": "https://dasprids.de/",
                    "role": "Developer"
                }
            ],
            "description": "BaconQrCode is a QR code generator for PHP.",
            "homepage": "https://github.com/Bacon/BaconQrCode",
            "time": "2020-07-30T16:40:58+00:00"
        },
        {
            "name": "dasprid/enum",
            "version": "1.0.2",
            "source": {
                "type": "git",
                "url": "https://github.com/DASPRiD/Enum.git",
                "reference": "6ccc0d7141a7f149e3c56cb0ce5f05d9152cfd07"
            },
            "dist": {
                "type": "zip",
                "url": "https://api.github.com/repos/DASPRiD/Enum/zipball/6ccc0d7141a7f149e3c56cb0ce5f05d9152cfd07",
                "reference": "6ccc0d7141a7f149e3c56cb0ce5f05d9152cfd07",
                "shasum": ""
            },
            "require-dev": {
                "phpunit/phpunit": "^7 | ^8 | ^9",
                "squizlabs/php_codesniffer": "^3.4"
            },
            "type": "library",
            "autoload": {
                "psr-4": {
                    "DASPRiD\\Enum\\": "src/"
                }
            },
            "notification-url": "https://packagist.org/downloads/",
            "license": [
                "BSD-2-Clause"
            ],
            "authors": [
                {
                    "name": "Ben Scholzen 'DASPRiD'",
                    "email": "mail@dasprids.de",
                    "homepage": "https://dasprids.de/",
                    "role": "Developer"
                }
            ],
            "description": "PHP 7.1 enum implementation",
            "keywords": [
                "enum",
                "map"
            ],
            "time": "2020-07-30T16:37:13+00:00"
        },
        {
            "name": "greenter/core",
            "version": "v4.1.0",
            "source": {
                "type": "git",
                "url": "https://github.com/thegreenter/core.git",
                "reference": "1f393e6a8dad1708202f0dd1a507499a5f13bc8d"
            },
            "dist": {
                "type": "zip",
                "url": "https://api.github.com/repos/thegreenter/core/zipball/1f393e6a8dad1708202f0dd1a507499a5f13bc8d",
                "reference": "1f393e6a8dad1708202f0dd1a507499a5f13bc8d",
                "shasum": ""
            },
            "require": {
                "php": "^7.2"
            },
            "type": "library",
            "extra": {
                "branch-alias": {
                    "dev-master": "4.1-dev"
                }
            },
            "autoload": {
                "psr-4": {
                    "Greenter\\": "src/Core/"
                }
            },
            "notification-url": "https://packagist.org/downloads/",
            "license": [
                "MIT"
            ],
            "authors": [
                {
                    "name": "Giancarlos Salas",
                    "email": "giansalex@gmail.com"
                }
            ],
            "description": "Greenter Core",
            "homepage": "https://greenter.dev/",
            "keywords": [
                "facturacion-electronica",
                "greenter",
                "sunat"
            ],
            "time": "2020-09-20T15:43:39+00:00"
        },
        {
            "name": "greenter/data",
            "version": "v4.1.0",
            "source": {
                "type": "git",
                "url": "https://github.com/thegreenter/data.git",
                "reference": "1b6622bdce73a474a2c1151e0245148d30c7c65a"
            },
            "dist": {
                "type": "zip",
                "url": "https://api.github.com/repos/thegreenter/data/zipball/1b6622bdce73a474a2c1151e0245148d30c7c65a",
                "reference": "1b6622bdce73a474a2c1151e0245148d30c7c65a",
                "shasum": ""
            },
            "require": {
                "greenter/core": "^4.1",
                "php": "^7.2"
            },
            "type": "library",
            "extra": {
                "branch-alias": {
                    "dev-master": "4.1-dev"
                }
            },
            "autoload": {
                "psr-4": {
                    "Greenter\\": "src/"
                }
            },
            "notification-url": "https://packagist.org/downloads/",
            "license": [
                "MIT"
            ],
            "authors": [
                {
                    "name": "Giancarlos Salas",
                    "email": "giansalex@gmail.com"
                }
            ],
            "description": "Store Documents for Greenter",
            "homepage": "https://greenter.dev/",
            "keywords": [
                "facturacion-electronica",
                "greenter",
                "sunat"
            ],
            "time": "2020-08-22T19:38:17+00:00"
        },
        {
            "name": "greenter/htmltopdf",
            "version": "v4.1.0",
            "source": {
                "type": "git",
                "url": "https://github.com/thegreenter/htmltopdf.git",
                "reference": "34bf786c0635dc78a6a76616e0bae9ff9ad8401f"
            },
            "dist": {
                "type": "zip",
                "url": "https://api.github.com/repos/thegreenter/htmltopdf/zipball/34bf786c0635dc78a6a76616e0bae9ff9ad8401f",
                "reference": "34bf786c0635dc78a6a76616e0bae9ff9ad8401f",
                "shasum": ""
            },
            "require": {
                "greenter/core": "^4.1",
                "mikehaertl/phpwkhtmltopdf": "^2.4",
                "php": "^7.2"
            },
            "require-dev": {
                "phpunit/phpunit": "^8"
            },
            "suggest": {
                "greenter/report": "Html Reporter"
            },
            "type": "library",
            "extra": {
                "branch-alias": {
                    "dev-master": "4.1-dev"
                }
            },
            "autoload": {
                "psr-4": {
                    "Greenter\\": "src/"
                }
            },
            "notification-url": "https://packagist.org/downloads/",
            "license": [
                "MIT"
            ],
            "authors": [
                {
                    "name": "Giancarlos Salas",
                    "email": "giansalex@gmail.com"
                }
            ],
            "description": "Greenter Html Report to Pdf using wkhtmltopdf",
            "homepage": "https://greenter.dev/",
            "keywords": [
                "facturacion-electronica",
                "greenter",
                "sunat"
            ],
            "time": "2020-08-22T19:38:17+00:00"
        },
        {
            "name": "greenter/lite",
            "version": "v4.1.0",
            "source": {
                "type": "git",
                "url": "https://github.com/thegreenter/lite.git",
                "reference": "26c0d0e98c48db23fb22c89719e501aa32d632f4"
            },
            "dist": {
                "type": "zip",
                "url": "https://api.github.com/repos/thegreenter/lite/zipball/26c0d0e98c48db23fb22c89719e501aa32d632f4",
                "reference": "26c0d0e98c48db23fb22c89719e501aa32d632f4",
                "shasum": ""
            },
            "require": {
                "ext-dom": "*",
                "greenter/core": "^4.1",
                "greenter/ws": "^4.1",
                "greenter/xml": "^4.1",
                "greenter/xmldsig": "^5.0",
                "php": "^7.2"
            },
            "require-dev": {
                "phpunit/phpunit": "^8"
            },
            "type": "library",
            "extra": {
                "branch-alias": {
                    "dev-master": "4.1-dev"
                }
            },
            "autoload": {
                "psr-4": {
                    "Greenter\\": "src/Greenter/"
                }
            },
            "notification-url": "https://packagist.org/downloads/",
            "license": [
                "MIT"
            ],
            "authors": [
                {
                    "name": "Giancarlos Salas",
                    "email": "giansalex@gmail.com"
                }
            ],
            "description": "Greenter lite version",
            "homepage": "https://greenter.dev/",
            "keywords": [
                "facturacion-electronica",
                "greenter",
                "sunat",
                "xml"
            ],
            "time": "2020-08-22T19:38:17+00:00"
        },
        {
            "name": "greenter/report",
            "version": "v4.1.0",
            "source": {
                "type": "git",
                "url": "https://github.com/thegreenter/report.git",
                "reference": "4a655284e48269612aeed492eba027bb8abb1104"
            },
            "dist": {
                "type": "zip",
                "url": "https://api.github.com/repos/thegreenter/report/zipball/4a655284e48269612aeed492eba027bb8abb1104",
                "reference": "4a655284e48269612aeed492eba027bb8abb1104",
                "shasum": ""
            },
            "require": {
                "bacon/bacon-qr-code": "^2.0",
                "greenter/core": "^4.1",
                "php": "^7.2",
                "twig/twig": "~3.0"
            },
            "require-dev": {
                "greenter/data": "^4.1",
                "phpunit/phpunit": "^8"
            },
            "type": "library",
            "extra": {
                "branch-alias": {
                    "dev-master": "4.1-dev"
                }
            },
            "autoload": {
                "psr-4": {
                    "Greenter\\": "src/"
                }
            },
            "notification-url": "https://packagist.org/downloads/",
            "license": [
                "MIT"
            ],
            "authors": [
                {
                    "name": "Giancarlos Salas",
                    "email": "giansalex@gmail.com"
                }
            ],
            "description": "Representacion Impresa para Facturacion Electrónica SUNAT - Perú",
            "homepage": "https://greenter.dev/",
            "keywords": [
                "facturacion-electronica",
                "greenter",
                "pdf",
                "sunat"
            ],
            "time": "2020-08-22T19:38:17+00:00"
        },
        {
            "name": "greenter/ws",
            "version": "v4.1.0",
            "source": {
                "type": "git",
                "url": "https://github.com/thegreenter/ws.git",
                "reference": "bdba9df1b20c434ae93fdab4ce364dd1556ef45c"
            },
            "dist": {
                "type": "zip",
                "url": "https://api.github.com/repos/thegreenter/ws/zipball/bdba9df1b20c434ae93fdab4ce364dd1556ef45c",
                "reference": "bdba9df1b20c434ae93fdab4ce364dd1556ef45c",
                "shasum": ""
            },
            "require": {
                "ext-dom": "*",
                "ext-soap": "*",
                "ext-zlib": "*",
                "greenter/core": "^4.1",
                "nelexa/zip": "^3.3",
                "php": "^7.2"
            },
            "require-dev": {
                "mockery/mockery": "^1.2",
                "phpunit/phpunit": "^8"
            },
            "type": "library",
            "extra": {
                "branch-alias": {
                    "dev-master": "4.1-dev"
                }
            },
            "autoload": {
                "psr-4": {
                    "Greenter\\": "src/"
                }
            },
            "notification-url": "https://packagist.org/downloads/",
            "license": [
                "MIT"
            ],
            "authors": [
                {
                    "name": "Giancarlos Salas",
                    "email": "giansalex@gmail.com"
                }
            ],
            "description": "WebServices Sunat Facturación Electrónica - Perú",
            "homepage": "https://greenter.dev/",
            "keywords": [
                "facturacion-electronica",
                "greenter",
                "soap",
                "sunat"
            ],
            "time": "2020-09-20T19:34:32+00:00"
        },
        {
            "name": "greenter/xml",
            "version": "v4.1.0",
            "source": {
                "type": "git",
                "url": "https://github.com/thegreenter/xml.git",
                "reference": "2a46bfd8f1527bb9f68a751e854e6df580737b17"
            },
            "dist": {
                "type": "zip",
                "url": "https://api.github.com/repos/thegreenter/xml/zipball/2a46bfd8f1527bb9f68a751e854e6df580737b17",
                "reference": "2a46bfd8f1527bb9f68a751e854e6df580737b17",
                "shasum": ""
            },
            "require": {
                "greenter/core": "^4.1",
                "php": "^7.2",
                "twig/twig": "~3.0"
            },
            "require-dev": {
                "greenter/data": "^4.1",
                "greenter/ubl-validator": "^2.0",
                "phpunit/phpunit": "^8"
            },
            "type": "library",
            "extra": {
                "branch-alias": {
                    "dev-master": "4.1-dev"
                }
            },
            "autoload": {
                "psr-4": {
                    "Greenter\\": "src/"
                }
            },
            "notification-url": "https://packagist.org/downloads/",
            "license": [
                "MIT"
            ],
            "authors": [
                {
                    "name": "Giancarlos Salas",
                    "email": "giansalex@gmail.com"
                }
            ],
            "description": "XML generación de documentos electrónicos, Facturacion Electrónica SUNAT - Perú",
            "homepage": "https://greenter.dev/",
            "keywords": [
                "facturacion-electronica",
                "greenter",
                "sunat",
                "xml"
            ],
            "time": "2020-09-15T05:08:52+00:00"
        },
        {
            "name": "greenter/xmldsig",
            "version": "v5.0.3",
            "source": {
                "type": "git",
                "url": "https://github.com/thegreenter/xmldsig.git",
                "reference": "98df1580228cff6c5f02a451ac162d00d384848e"
            },
            "dist": {
                "type": "zip",
                "url": "https://api.github.com/repos/thegreenter/xmldsig/zipball/98df1580228cff6c5f02a451ac162d00d384848e",
                "reference": "98df1580228cff6c5f02a451ac162d00d384848e",
                "shasum": ""
            },
            "require": {
                "ext-dom": "*",
                "ext-openssl": "*",
                "php": ">=5.5.9"
            },
            "type": "library",
            "autoload": {
                "psr-4": {
                    "Greenter\\XMLSecLibs\\": "src"
                }
            },
            "notification-url": "https://packagist.org/downloads/",
            "license": [
                "BSD-2-Clause"
            ],
            "description": "Libreria para firmar XML según normativa de SUNAT en Facturación Electrónica",
            "homepage": "https://github.com/thegreenter/xmldsig",
            "keywords": [
                "security",
                "signature",
                "sunat",
                "xml",
                "xmldsig"
            ],
            "time": "2020-07-31T04:45:22+00:00"
        },
        {
            "name": "mikehaertl/php-shellcommand",
            "version": "1.6.2",
            "source": {
                "type": "git",
                "url": "https://github.com/mikehaertl/php-shellcommand.git",
                "reference": "06d6220c77c4632b639f4855f76026c59bceb8aa"
            },
            "dist": {
                "type": "zip",
                "url": "https://api.github.com/repos/mikehaertl/php-shellcommand/zipball/06d6220c77c4632b639f4855f76026c59bceb8aa",
                "reference": "06d6220c77c4632b639f4855f76026c59bceb8aa",
                "shasum": ""
            },
            "require": {
                "php": ">= 5.4.0"
            },
            "require-dev": {
                "phpunit/phpunit": ">4.0 <8"
            },
            "type": "library",
            "autoload": {
                "psr-4": {
                    "mikehaertl\\shellcommand\\": "src/"
                }
            },
            "notification-url": "https://packagist.org/downloads/",
            "license": [
                "MIT"
            ],
            "authors": [
                {
                    "name": "Michael Härtl",
                    "email": "haertl.mike@gmail.com"
                }
            ],
            "description": "An object oriented interface to shell commands",
            "keywords": [
                "shell"
            ],
            "time": "2020-08-30T09:56:40+00:00"
        },
        {
            "name": "mikehaertl/php-tmpfile",
            "version": "1.1.6",
            "source": {
                "type": "git",
                "url": "https://github.com/mikehaertl/php-tmpfile.git",
                "reference": "20a1879033d6b044cfba5dfcf55cbb418249d0ec"
            },
            "dist": {
                "type": "zip",
                "url": "https://api.github.com/repos/mikehaertl/php-tmpfile/zipball/20a1879033d6b044cfba5dfcf55cbb418249d0ec",
                "reference": "20a1879033d6b044cfba5dfcf55cbb418249d0ec",
                "shasum": ""
            },
            "require-dev": {
                "phpunit/phpunit": ">4.0 <8"
            },
            "type": "library",
            "autoload": {
                "psr-4": {
                    "mikehaertl\\tmp\\": "src/"
                }
            },
            "notification-url": "https://packagist.org/downloads/",
            "license": [
                "MIT"
            ],
            "authors": [
                {
                    "name": "Michael Härtl",
                    "email": "haertl.mike@gmail.com"
                }
            ],
            "description": "A convenience class for temporary files",
            "keywords": [
                "files"
            ],
            "time": "2020-08-30T09:54:54+00:00"
        },
        {
            "name": "mikehaertl/phpwkhtmltopdf",
            "version": "2.4.2",
            "source": {
                "type": "git",
                "url": "https://github.com/mikehaertl/phpwkhtmltopdf.git",
                "reference": "0e97c2e1eec918fbcd13f5b4b6c9fa476f99e9db"
            },
            "dist": {
                "type": "zip",
                "url": "https://api.github.com/repos/mikehaertl/phpwkhtmltopdf/zipball/0e97c2e1eec918fbcd13f5b4b6c9fa476f99e9db",
                "reference": "0e97c2e1eec918fbcd13f5b4b6c9fa476f99e9db",
                "shasum": ""
            },
            "require": {
                "mikehaertl/php-shellcommand": "^1.5.0",
                "mikehaertl/php-tmpfile": "^1.1.0",
                "php": ">=5.0.0"
            },
            "require-dev": {
                "phpunit/phpunit": ">4.0 <8"
            },
            "type": "library",
            "autoload": {
                "psr-4": {
                    "mikehaertl\\wkhtmlto\\": "src"
                }
            },
            "notification-url": "https://packagist.org/downloads/",
            "license": [
                "MIT"
            ],
            "authors": [
                {
                    "name": "Michael Haertl",
                    "email": "haertl.mike@gmail.com"
                }
            ],
            "description": "A slim PHP wrapper around wkhtmltopdf with an easy to use and clean OOP interface",
            "homepage": "http://mikehaertl.github.com/phpwkhtmltopdf/",
            "keywords": [
                "pdf",
                "wkhtmltoimage",
                "wkhtmltopdf"
            ],
            "time": "2020-01-07T07:47:15+00:00"
        },
        {
            "name": "nelexa/zip",
            "version": "3.3.3",
            "source": {
                "type": "git",
                "url": "https://github.com/Ne-Lexa/php-zip.git",
                "reference": "501b52f6fc393a599b44ff348a42740e1eaac7c6"
            },
            "dist": {
                "type": "zip",
                "url": "https://api.github.com/repos/Ne-Lexa/php-zip/zipball/501b52f6fc393a599b44ff348a42740e1eaac7c6",
                "reference": "501b52f6fc393a599b44ff348a42740e1eaac7c6",
                "shasum": ""
            },
            "require": {
                "ext-zlib": "*",
                "paragonie/random_compat": "*",
                "php": "^5.5.9 || ^7.0",
                "psr/http-message": "^1.0",
                "symfony/finder": "^3.0|^4.0|^5.0"
            },
            "require-dev": {
                "ext-bz2": "*",
                "ext-fileinfo": "*",
                "ext-openssl": "*",
                "ext-xml": "*",
                "guzzlehttp/psr7": "^1.6",
                "phpunit/phpunit": "^4.8|^5.7",
                "symfony/var-dumper": "^3.0|^4.0|^5.0"
            },
            "suggest": {
                "ext-bz2": "Needed to support BZIP2 compression",
                "ext-fileinfo": "Needed to get mime-type file",
                "ext-mcrypt": "Needed to support encrypt zip entries or use ext-openssl",
                "ext-openssl": "Needed to support encrypt zip entries or use ext-mcrypt"
            },
            "type": "library",
            "autoload": {
                "psr-4": {
                    "PhpZip\\": "src/"
                }
            },
            "notification-url": "https://packagist.org/downloads/",
            "license": [
                "MIT"
            ],
            "authors": [
                {
                    "name": "Ne-Lexa",
                    "email": "alexey@nelexa.ru",
                    "role": "Developer"
                }
            ],
            "description": "PhpZip is a php-library for extended work with ZIP-archives. Open, create, update, delete, extract and get info tool. Supports appending to existing ZIP files, WinZip AES encryption, Traditional PKWARE Encryption, ZipAlign tool, BZIP2 compression, external file attributes and ZIP64 extensions. Alternative ZipArchive. It does not require php-zip extension.",
            "homepage": "https://github.com/Ne-Lexa/php-zip",
            "keywords": [
                "archive",
                "extract",
                "unzip",
                "winzip",
                "zip",
                "zipalign",
                "ziparchive"
            ],
            "time": "2020-07-11T21:01:42+00:00"
        },
        {
            "name": "paragonie/random_compat",
            "version": "v9.99.99",
            "source": {
                "type": "git",
                "url": "https://github.com/paragonie/random_compat.git",
                "reference": "84b4dfb120c6f9b4ff7b3685f9b8f1aa365a0c95"
            },
            "dist": {
                "type": "zip",
                "url": "https://api.github.com/repos/paragonie/random_compat/zipball/84b4dfb120c6f9b4ff7b3685f9b8f1aa365a0c95",
                "reference": "84b4dfb120c6f9b4ff7b3685f9b8f1aa365a0c95",
                "shasum": ""
            },
            "require": {
                "php": "^7"
            },
            "require-dev": {
                "phpunit/phpunit": "4.*|5.*",
                "vimeo/psalm": "^1"
            },
            "suggest": {
                "ext-libsodium": "Provides a modern crypto API that can be used to generate random bytes."
            },
            "type": "library",
            "notification-url": "https://packagist.org/downloads/",
            "license": [
                "MIT"
            ],
            "authors": [
                {
                    "name": "Paragon Initiative Enterprises",
                    "email": "security@paragonie.com",
                    "homepage": "https://paragonie.com"
                }
            ],
            "description": "PHP 5.x polyfill for random_bytes() and random_int() from PHP 7",
            "keywords": [
                "csprng",
                "polyfill",
                "pseudorandom",
                "random"
            ],
            "time": "2018-07-02T15:55:56+00:00"
        },
        {
            "name": "psr/http-message",
            "version": "1.0.1",
            "source": {
                "type": "git",
                "url": "https://github.com/php-fig/http-message.git",
                "reference": "f6561bf28d520154e4b0ec72be95418abe6d9363"
            },
            "dist": {
                "type": "zip",
                "url": "https://api.github.com/repos/php-fig/http-message/zipball/f6561bf28d520154e4b0ec72be95418abe6d9363",
                "reference": "f6561bf28d520154e4b0ec72be95418abe6d9363",
                "shasum": ""
            },
            "require": {
                "php": ">=5.3.0"
            },
            "type": "library",
            "extra": {
                "branch-alias": {
                    "dev-master": "1.0.x-dev"
                }
            },
            "autoload": {
                "psr-4": {
                    "Psr\\Http\\Message\\": "src/"
                }
            },
            "notification-url": "https://packagist.org/downloads/",
            "license": [
                "MIT"
            ],
            "authors": [
                {
                    "name": "PHP-FIG",
                    "homepage": "http://www.php-fig.org/"
                }
            ],
            "description": "Common interface for HTTP messages",
            "homepage": "https://github.com/php-fig/http-message",
            "keywords": [
                "http",
                "http-message",
                "psr",
                "psr-7",
                "request",
                "response"
            ],
            "time": "2016-08-06T14:39:51+00:00"
        },
        {
            "name": "symfony/finder",
            "version": "v5.1.6",
            "source": {
                "type": "git",
                "url": "https://github.com/symfony/finder.git",
                "reference": "2c3ba7ad6884e6c4451ce2340e2dc23f6fa3e0d8"
            },
            "dist": {
                "type": "zip",
                "url": "https://api.github.com/repos/symfony/finder/zipball/2c3ba7ad6884e6c4451ce2340e2dc23f6fa3e0d8",
                "reference": "2c3ba7ad6884e6c4451ce2340e2dc23f6fa3e0d8",
                "shasum": ""
            },
            "require": {
                "php": ">=7.2.5"
            },
            "type": "library",
            "extra": {
                "branch-alias": {
                    "dev-master": "5.1-dev"
                }
            },
            "autoload": {
                "psr-4": {
                    "Symfony\\Component\\Finder\\": ""
                },
                "exclude-from-classmap": [
                    "/Tests/"
                ]
            },
            "notification-url": "https://packagist.org/downloads/",
            "license": [
                "MIT"
            ],
            "authors": [
                {
                    "name": "Fabien Potencier",
                    "email": "fabien@symfony.com"
                },
                {
                    "name": "Symfony Community",
                    "homepage": "https://symfony.com/contributors"
                }
            ],
            "description": "Symfony Finder Component",
            "homepage": "https://symfony.com",
            "funding": [
                {
                    "url": "https://symfony.com/sponsor",
                    "type": "custom"
                },
                {
                    "url": "https://github.com/fabpot",
                    "type": "github"
                },
                {
                    "url": "https://tidelift.com/funding/github/packagist/symfony/symfony",
                    "type": "tidelift"
                }
            ],
            "time": "2020-09-02T16:23:27+00:00"
        },
        {
            "name": "symfony/polyfill-ctype",
            "version": "v1.18.1",
            "source": {
                "type": "git",
                "url": "https://github.com/symfony/polyfill-ctype.git",
                "reference": "1c302646f6efc070cd46856e600e5e0684d6b454"
            },
            "dist": {
                "type": "zip",
                "url": "https://api.github.com/repos/symfony/polyfill-ctype/zipball/1c302646f6efc070cd46856e600e5e0684d6b454",
                "reference": "1c302646f6efc070cd46856e600e5e0684d6b454",
                "shasum": ""
            },
            "require": {
                "php": ">=5.3.3"
            },
            "suggest": {
                "ext-ctype": "For best performance"
            },
            "type": "library",
            "extra": {
                "branch-alias": {
                    "dev-master": "1.18-dev"
                },
                "thanks": {
                    "name": "symfony/polyfill",
                    "url": "https://github.com/symfony/polyfill"
                }
            },
            "autoload": {
                "psr-4": {
                    "Symfony\\Polyfill\\Ctype\\": ""
                },
                "files": [
                    "bootstrap.php"
                ]
            },
            "notification-url": "https://packagist.org/downloads/",
            "license": [
                "MIT"
            ],
            "authors": [
                {
                    "name": "Gert de Pagter",
                    "email": "BackEndTea@gmail.com"
                },
                {
                    "name": "Symfony Community",
                    "homepage": "https://symfony.com/contributors"
                }
            ],
            "description": "Symfony polyfill for ctype functions",
            "homepage": "https://symfony.com",
            "keywords": [
                "compatibility",
                "ctype",
                "polyfill",
                "portable"
            ],
            "funding": [
                {
                    "url": "https://symfony.com/sponsor",
                    "type": "custom"
                },
                {
                    "url": "https://github.com/fabpot",
                    "type": "github"
                },
                {
                    "url": "https://tidelift.com/funding/github/packagist/symfony/symfony",
                    "type": "tidelift"
                }
            ],
            "time": "2020-07-14T12:35:20+00:00"
        },
        {
            "name": "symfony/polyfill-mbstring",
            "version": "v1.18.1",
            "source": {
                "type": "git",
                "url": "https://github.com/symfony/polyfill-mbstring.git",
                "reference": "a6977d63bf9a0ad4c65cd352709e230876f9904a"
            },
            "dist": {
                "type": "zip",
                "url": "https://api.github.com/repos/symfony/polyfill-mbstring/zipball/a6977d63bf9a0ad4c65cd352709e230876f9904a",
                "reference": "a6977d63bf9a0ad4c65cd352709e230876f9904a",
                "shasum": ""
            },
            "require": {
                "php": ">=5.3.3"
            },
            "suggest": {
                "ext-mbstring": "For best performance"
            },
            "type": "library",
            "extra": {
                "branch-alias": {
                    "dev-master": "1.18-dev"
                },
                "thanks": {
                    "name": "symfony/polyfill",
                    "url": "https://github.com/symfony/polyfill"
                }
            },
            "autoload": {
                "psr-4": {
                    "Symfony\\Polyfill\\Mbstring\\": ""
                },
                "files": [
                    "bootstrap.php"
                ]
            },
            "notification-url": "https://packagist.org/downloads/",
            "license": [
                "MIT"
            ],
            "authors": [
                {
                    "name": "Nicolas Grekas",
                    "email": "p@tchwork.com"
                },
                {
                    "name": "Symfony Community",
                    "homepage": "https://symfony.com/contributors"
                }
            ],
            "description": "Symfony polyfill for the Mbstring extension",
            "homepage": "https://symfony.com",
            "keywords": [
                "compatibility",
                "mbstring",
                "polyfill",
                "portable",
                "shim"
            ],
            "funding": [
                {
                    "url": "https://symfony.com/sponsor",
                    "type": "custom"
                },
                {
                    "url": "https://github.com/fabpot",
                    "type": "github"
                },
                {
                    "url": "https://tidelift.com/funding/github/packagist/symfony/symfony",
                    "type": "tidelift"
                }
            ],
            "time": "2020-07-14T12:35:20+00:00"
        },
        {
            "name": "twig/twig",
            "version": "v3.0.5",
            "source": {
                "type": "git",
                "url": "https://github.com/twigphp/Twig.git",
                "reference": "9b76b1535483cdf4edf01bb787b0217b62bd68a5"
            },
            "dist": {
                "type": "zip",
                "url": "https://api.github.com/repos/twigphp/Twig/zipball/9b76b1535483cdf4edf01bb787b0217b62bd68a5",
                "reference": "9b76b1535483cdf4edf01bb787b0217b62bd68a5",
                "shasum": ""
            },
            "require": {
                "php": ">=7.2.5",
                "symfony/polyfill-ctype": "^1.8",
                "symfony/polyfill-mbstring": "^1.3"
            },
            "require-dev": {
                "psr/container": "^1.0",
                "symfony/phpunit-bridge": "^4.4.9|^5.0.9"
            },
            "type": "library",
            "extra": {
                "branch-alias": {
                    "dev-master": "3.0-dev"
                }
            },
            "autoload": {
                "psr-4": {
                    "Twig\\": "src/"
                }
            },
            "notification-url": "https://packagist.org/downloads/",
            "license": [
                "BSD-3-Clause"
            ],
            "authors": [
                {
                    "name": "Fabien Potencier",
                    "email": "fabien@symfony.com",
                    "homepage": "http://fabien.potencier.org",
                    "role": "Lead Developer"
                },
                {
                    "name": "Twig Team",
                    "role": "Contributors"
                },
                {
                    "name": "Armin Ronacher",
                    "email": "armin.ronacher@active-4.com",
                    "role": "Project Founder"
                }
            ],
            "description": "Twig, the flexible, fast, and secure template language for PHP",
            "homepage": "https://twig.symfony.com",
            "keywords": [
                "templating"
            ],
            "funding": [
                {
                    "url": "https://github.com/fabpot",
                    "type": "github"
                },
                {
                    "url": "https://tidelift.com/funding/github/packagist/twig/twig",
                    "type": "tidelift"
                }
            ],
            "time": "2020-08-05T15:13:19+00:00"
        }
    ],
    "packages-dev": [
        {
            "name": "phpstan/phpstan",
            "version": "0.12.45",
            "source": {
                "type": "git",
                "url": "https://github.com/phpstan/phpstan.git",
                "reference": "90c67259212ed891ee86604a9368ef7d7bead3a4"
            },
            "dist": {
                "type": "zip",
                "url": "https://api.github.com/repos/phpstan/phpstan/zipball/90c67259212ed891ee86604a9368ef7d7bead3a4",
                "reference": "90c67259212ed891ee86604a9368ef7d7bead3a4",
                "shasum": ""
            },
            "require": {
                "php": "^7.1|^8.0"
            },
            "conflict": {
                "phpstan/phpstan-shim": "*"
            },
            "bin": [
                "phpstan",
                "phpstan.phar"
            ],
            "type": "library",
            "extra": {
                "branch-alias": {
                    "dev-master": "0.12-dev"
                }
            },
            "autoload": {
                "files": [
                    "bootstrap.php"
                ]
            },
            "notification-url": "https://packagist.org/downloads/",
            "license": [
                "MIT"
            ],
            "description": "PHPStan - PHP Static Analysis Tool",
            "funding": [
                {
                    "url": "https://github.com/ondrejmirtes",
                    "type": "github"
                },
                {
                    "url": "https://www.patreon.com/phpstan",
                    "type": "patreon"
                },
                {
                    "url": "https://tidelift.com/funding/github/packagist/phpstan/phpstan",
                    "type": "tidelift"
                }
            ],
            "time": "2020-09-26T19:19:00+00:00"
        }
    ],
    "aliases": [],
    "minimum-stability": "dev",
    "stability-flags": [],
    "prefer-stable": true,
    "prefer-lowest": false,
    "platform": {
        "php": "^7.2",
        "ext-json": "*"
    },
    "platform-dev": [],
    "plugin-api-version": "1.1.0"
}
